PODS:
  - eMMa (4.14.0)
  - emma_flutter_sdk (1.5.0):
    - eMMa (~> 4.14.0)
    - Flutter
  - Flutter (1.0.0)
  - url_launcher_ios (0.0.1):
    - Flutter

DEPENDENCIES:
  - emma_flutter_sdk (from `.symlinks/plugins/emma_flutter_sdk/ios`)
  - Flutter (from `Flutter`)
  - url_launcher_ios (from `.symlinks/plugins/url_launcher_ios/ios`)

SPEC REPOS:
  trunk:
    - eMMa

EXTERNAL SOURCES:
  emma_flutter_sdk:
    :path: ".symlinks/plugins/emma_flutter_sdk/ios"
  Flutter:
    :path: Flutter
  url_launcher_ios:
    :path: ".symlinks/plugins/url_launcher_ios/ios"

SPEC CHECKSUMS:
  eMMa: 18b3a6bca8c87619cc8f6b6c8560c886b129357d
  emma_flutter_sdk: 23c8a3d9c0562153bb81a984daf845b6fd7319da
  Flutter: f04841e97a9d0b0a8025694d0796dd46242b2854
  url_launcher_ios: bbd758c6e7f9fd7b5b1d4cde34d2b95fcce5e812

PODFILE CHECKSUM: 4e8f8b2be68aeea4c0d5beb6ff1e79fface1d048

COCOAPODS: 1.15.2
