PODS:
  - eMMa (4.11.4)
  - emma_flutter_sdk (1.2.0):
    - eMMa (~> 4.11.4)
    - Flutter
  - Flutter (1.0.0)

DEPENDENCIES:
  - emma_flutter_sdk (from `.symlinks/plugins/emma_flutter_sdk/ios`)
  - Flutter (from `Flutter`)

SPEC REPOS:
  trunk:
    - eMMa

EXTERNAL SOURCES:
  emma_flutter_sdk:
    :path: ".symlinks/plugins/emma_flutter_sdk/ios"
  Flutter:
    :path: Flutter

SPEC CHECKSUMS:
  eMMa: 0507d769b7059a2098ddb91d372a2b980632a910
  emma_flutter_sdk: 397ec9c1f9271a0df5e4835bca32d0f33dfb1528
  Flutter: 50d75fe2f02b26cc09d224853bb45737f8b3214a

PODFILE CHECKSUM: aafe91acc616949ddb318b77800a7f51bffa2a4c

COCOAPODS: 1.11.2
